{
  "version": 4,
  "terraform_version": "1.14.8",
  "serial": 73,
  "lineage": "b9683b57-5f37-81ed-bc6d-73a7135e3a42",
  "outputs": {
    "api_gateway_url": {
      "value": "https://0c1msjrim2.execute-api.us-east-1.amazonaws.com/",
      "type": "string"
    },
    "frontend_bucket_name": {
      "value": "personal-website-stack-prod-frontend-bucket",
      "type": "string"
    },
    "host_name": {
      "value": "0c1msjrim2.execute-api.us-east-1.amazonaws.com/",
      "type": "string"
    },
    "website_url": {
      "value": "https://nathanpons.com",
      "type": "string"
    }
  },
  "resources": [
    {
      "mode": "data",
      "type": "archive_file",
      "name": "www_redirect_function_zip",
      "provider": "provider[\"registry.terraform.io/hashicorp/archive\"]",
      "instances": [
        {
          "schema_version": 0,
          "attributes": {
            "exclude_symlink_directories": null,
            "excludes": null,
            "id": "7313c8a48b8e06bb77f42234a30a0130b907a03e",
            "output_base64sha256": "2Y8FUUh8Dt7ddyHZcmcG8hNgYB2iP28t+1PyOh1+wYE=",
            "output_base64sha512": "m6lWiR2j/SJkljsSCqEPzCfcyyAi6Bx9A7iwFI1UaVCwFLezZMjVKcoRx/D94R/bmb0xO6Gf1Q7sHQBwXZtxmw==",
            "output_file_mode": null,
            "output_md5": "c6025f715265a66ca0ca6ce73b906ae5",
            "output_path": "lambda_functions/www-redirect-function.zip",
            "output_sha": "7313c8a48b8e06bb77f42234a30a0130b907a03e",
            "output_sha256": "d98f0551487c0ededd7721d9726706f21360601da23f6f2dfb53f23a1d7ec181",
            "output_sha512": "9ba956891da3fd2264963b120aa10fcc27dccb2022e81c7d03b8b0148d546950b014b7b364c8d529ca11c7f0fde11fdb99bd313ba19fd50eec1d00705d9b719b",
            "output_size": 417,
            "source": [],
            "source_content": null,
            "source_content_filename": null,
            "source_dir": null,
            "source_file": "lambda_functions/www-redirect-function.js",
            "type": "zip"
          },
          "sensitive_attributes": [],
          "identity_schema_version": 0
        }
      ]
    },
    {
      "mode": "data",
      "type": "aws_s3_bucket",
      "name": "static_files_bucket",
      "provider": "provider[\"registry.terraform.io/hashicorp/aws\"]",
      "instances": [
        {
          "schema_version": 0,
          "attributes": {
            "arn": "arn:aws:s3:::personal-website-static-files",
            "bucket": "personal-website-static-files",
            "bucket_domain_name": "personal-website-static-files.s3.amazonaws.com",
            "bucket_region": "us-east-1",
            "bucket_regional_domain_name": "personal-website-static-files.s3.us-east-1.amazonaws.com",
            "hosted_zone_id": "Z3AQBSTGFYJSTF",
            "id": "personal-website-static-files",
            "region": "us-east-1",
            "website_domain": null,
            "website_endpoint": null
          },
          "sensitive_attributes": [],
          "identity_schema_version": 0
        }
      ]
    },
    {
      "mode": "managed",
      "type": "aws_apigatewayv2_api",
      "name": "api_gateway",
      "provider": "provider[\"registry.terraform.io/hashicorp/aws\"]",
      "instances": [
        {
          "schema_version": 0,
          "attributes": {
            "api_endpoint": "https://0c1msjrim2.execute-api.us-east-1.amazonaws.com",
            "api_key_selection_expression": "$request.header.x-api-key",
            "arn": "arn:aws:apigateway:us-east-1::/apis/0c1msjrim2",
            "body": null,
            "cors_configuration": [
              {
                "allow_credentials": false,
                "allow_headers": [
                  "authorization",
                  "content-type",
                  "x-amz-date",
                  "x-api-key"
                ],
                "allow_methods": [],
                "allow_origins": [
                  "https://nathanpons.com",
                  "https://www.nathanpons.com"
                ],
                "expose_headers": [],
                "max_age": 0
              }
            ],
            "credentials_arn": null,
            "description": "",
            "disable_execute_api_endpoint": false,
            "execution_arn": "arn:aws:execute-api:us-east-1:242201278004:0c1msjrim2",
            "fail_on_warnings": null,
            "id": "0c1msjrim2",
            "ip_address_type": "ipv4",
            "name": "personal-website-stack-prod-api-gateway",
            "protocol_type": "HTTP",
            "region": "us-east-1",
            "route_key": null,
            "route_selection_expression": "$request.method $request.path",
            "tags": {
              "Environment": "prod",
              "Project": "personal-website-stack",
              "managed_by": "Terraform"
            },
            "tags_all": {
              "Environment": "prod",
              "Project": "personal-website-stack",
              "managed_by": "Terraform"
            },
            "target": null,
            "version": ""
          },
          "sensitive_attributes": [],
          "identity_schema_version": 0,
          "identity": {
            "account_id": "242201278004",
            "id": "0c1msjrim2",
            "region": "us-east-1"
          },
          "private": "bnVsbA=="
        }
      ]
    },
    {
      "mode": "managed",
      "type": "aws_apigatewayv2_integration",
      "name": "lambda_integration",
      "provider": "provider[\"registry.terraform.io/hashicorp/aws\"]",
      "instances": [
        {
          "schema_version": 0,
          "attributes": {
            "api_id": "0c1msjrim2",
            "connection_id": "",
            "connection_type": "INTERNET",
            "content_handling_strategy": "",
            "credentials_arn": "",
            "description": "",
            "id": "0onrraf",
            "integration_method": "POST",
            "integration_response_selection_expression": "",
            "integration_subtype": "",
            "integration_type": "AWS_PROXY",
            "integration_uri": "arn:aws:apigateway:us-east-1:lambda:path/2015-03-31/functions/arn:aws:lambda:us-east-1:242201278004:function:personal-website-stack-prod-backend-function/invocations",
            "passthrough_behavior": "",
            "payload_format_version": "1.0",
            "region": "us-east-1",
            "request_parameters": {},
            "request_templates": {},
            "response_parameters": [],
            "template_selection_expression": "",
            "timeout_milliseconds": 30000,
            "tls_config": []
          },
          "sensitive_attributes": [],
          "identity_schema_version": 0,
          "private": "bnVsbA==",
          "dependencies": [
            "aws_apigatewayv2_api.api_gateway",
            "aws_ecr_repository.backend_repository",
            "aws_iam_policy.lambda_logging",
            "aws_iam_role.lambda_execution_role",
            "aws_iam_role_policy_attachment.backend_lambda_logs",
            "aws_lambda_function.backend_function",
            "aws_security_group.lambda_security_group",
            "aws_subnet.public_subnets",
            "aws_vpc.personal_website_vpc",
            "data.aws_s3_bucket.static_files_bucket"
          ]
        }
      ]
    },
    {
      "mode": "managed",
      "type": "aws_apigatewayv2_route",
      "name": "default_route",
      "provider": "provider[\"registry.terraform.io/hashicorp/aws\"]",
      "instances": [
        {
          "schema_version": 0,
          "attributes": {
            "api_id": "0c1msjrim2",
            "api_key_required": false,
            "authorization_scopes": [],
            "authorization_type": "NONE",
            "authorizer_id": "",
            "id": "rat87cm",
            "model_selection_expression": "",
            "operation_name": "",
            "region": "us-east-1",
            "request_models": {},
            "request_parameter": [],
            "route_key": "ANY /{proxy+}",
            "route_response_selection_expression": "",
            "target": "integrations/0onrraf"
          },
          "sensitive_attributes": [],
          "identity_schema_version": 0,
          "identity": {
            "account_id": "242201278004",
            "api_id": "0c1msjrim2",
            "id": "rat87cm",
            "region": "us-east-1"
          },
          "private": "bnVsbA==",
          "dependencies": [
            "aws_apigatewayv2_api.api_gateway",
            "aws_apigatewayv2_integration.lambda_integration",
            "aws_ecr_repository.backend_repository",
            "aws_iam_policy.lambda_logging",
            "aws_iam_role.lambda_execution_role",
            "aws_iam_role_policy_attachment.backend_lambda_logs",
            "aws_lambda_function.backend_function",
            "aws_security_group.lambda_security_group",
            "aws_subnet.public_subnets",
            "aws_vpc.personal_website_vpc",
            "data.aws_s3_bucket.static_files_bucket"
          ]
        }
      ]
    },
    {
      "mode": "managed",
      "type": "aws_apigatewayv2_stage",
      "name": "default_stage",
      "provider": "provider[\"registry.terraform.io/hashicorp/aws\"]",
      "instances": [
        {
          "schema_version": 0,
          "attributes": {
            "access_log_settings": [],
            "api_id": "0c1msjrim2",
            "arn": "arn:aws:apigateway:us-east-1::/apis/0c1msjrim2/stages/$default",
            "auto_deploy": true,
            "client_certificate_id": "",
            "default_route_settings": [
              {
                "data_trace_enabled": false,
                "detailed_metrics_enabled": false,
                "logging_level": "",
                "throttling_burst_limit": 0,
                "throttling_rate_limit": 0
              }
            ],
            "deployment_id": "31li4w",
            "description": "",
            "execution_arn": "arn:aws:execute-api:us-east-1:242201278004:0c1msjrim2/$default",
            "id": "$default",
            "invoke_url": "https://0c1msjrim2.execute-api.us-east-1.amazonaws.com/",
            "name": "$default",
            "region": "us-east-1",
            "route_settings": [],
            "stage_variables": {},
            "tags": {},
            "tags_all": {}
          },
          "sensitive_attributes": [],
          "identity_schema_version": 0,
          "private": "bnVsbA==",
          "dependencies": [
            "aws_apigatewayv2_api.api_gateway"
          ]
        }
      ]
    },
    {
      "mode": "managed",
      "type": "aws_cloudfront_origin_access_control",
      "name": "oac",
      "provider": "provider[\"registry.terraform.io/hashicorp/aws\"]",
      "instances": [
        {
          "schema_version": 0,
          "attributes": {
            "arn": "arn:aws:cloudfront::242201278004:origin-access-control/EZVDATDYKLYO0",
            "description": "Managed by Terraform",
            "etag": "ETVPDKIKX0DER",
            "id": "EZVDATDYKLYO0",
            "name": "personal-website-stack-prod-oac",
            "origin_access_control_origin_type": "s3",
            "signing_behavior": "always",
            "signing_protocol": "sigv4"
          },
          "sensitive_attributes": [],
          "identity_schema_version": 0,
          "private": "bnVsbA=="
        }
      ]
    },
    {
      "mode": "managed",
      "type": "aws_cloudwatch_log_group",
      "name": "backend_function_log_group",
      "provider": "provider[\"registry.terraform.io/hashicorp/aws\"]",
      "instances": [
        {
          "schema_version": 0,
          "attributes": {
            "arn": "arn:aws:logs:us-east-1:242201278004:log-group:/aws/lambda/personal-website-stack-prod-backend-function",
            "deletion_protection_enabled": false,
            "id": "/aws/lambda/personal-website-stack-prod-backend-function",
            "kms_key_id": "",
            "log_group_class": "STANDARD",
            "name": "/aws/lambda/personal-website-stack-prod-backend-function",
            "name_prefix": "",
            "region": "us-east-1",
            "retention_in_days": 14,
            "skip_destroy": false,
            "tags": {
              "Environment": "prod",
              "Project": "personal-website-stack",
              "managed_by": "Terraform"
            },
            "tags_all": {
              "Environment": "prod",
              "Project": "personal-website-stack",
              "managed_by": "Terraform"
            }
          },
          "sensitive_attributes": [],
          "identity_schema_version": 0,
          "identity": {
            "account_id": "242201278004",
            "name": "/aws/lambda/personal-website-stack-prod-backend-function",
            "region": "us-east-1"
          },
          "private": "bnVsbA=="
        }
      ]
    },
    {
      "mode": "managed",
      "type": "aws_cloudwatch_log_group",
      "name": "www_redirect_function_log_group",
      "provider": "provider[\"registry.terraform.io/hashicorp/aws\"]",
      "instances": [
        {
          "schema_version": 0,
          "attributes": {
            "arn": "arn:aws:logs:us-east-1:242201278004:log-group:/aws/lambda/personal-website-stack-prod-www-redirect-function",
            "deletion_protection_enabled": false,
            "id": "/aws/lambda/personal-website-stack-prod-www-redirect-function",
            "kms_key_id": "",
            "log_group_class": "STANDARD",
            "name": "/aws/lambda/personal-website-stack-prod-www-redirect-function",
            "name_prefix": "",
            "region": "us-east-1",
            "retention_in_days": 14,
            "skip_destroy": false,
            "tags": {
              "Environment": "prod",
              "Project": "personal-website-stack",
              "managed_by": "Terraform"
            },
            "tags_all": {
              "Environment": "prod",
              "Project": "personal-website-stack",
              "managed_by": "Terraform"
            }
          },
          "sensitive_attributes": [],
          "identity_schema_version": 0,
          "identity": {
            "account_id": "242201278004",
            "name": "/aws/lambda/personal-website-stack-prod-www-redirect-function",
            "region": "us-east-1"
          },
          "private": "bnVsbA=="
        }
      ]
    },
    {
      "mode": "managed",
      "type": "aws_db_subnet_group",
      "name": "db_subnet_group",
      "provider": "provider[\"registry.terraform.io/hashicorp/aws\"]",
      "instances": [
        {
          "schema_version": 0,
          "attributes": {
            "arn": "arn:aws:rds:us-east-1:242201278004:subgrp:personal-website-stack-prod-db-subnet-group",
            "description": "Managed by Terraform",
            "id": "personal-website-stack-prod-db-subnet-group",
            "name": "personal-website-stack-prod-db-subnet-group",
            "name_prefix": "",
            "region": "us-east-1",
            "subnet_ids": [
              "subnet-05b8d11806c6d4126",
              "subnet-07664400a619f639d"
            ],
            "supported_network_types": [
              "IPV4"
            ],
            "tags": {
              "Environment": "prod",
              "Project": "personal-website-stack",
              "managed_by": "Terraform"
            },
            "tags_all": {
              "Environment": "prod",
              "Project": "personal-website-stack",
              "managed_by": "Terraform"
            },
            "vpc_id": "vpc-082cd8211b269c6ca"
          },
          "sensitive_attributes": [],
          "identity_schema_version": 0,
          "private": "bnVsbA==",
          "dependencies": [
            "aws_subnet.private_subnets",
            "aws_vpc.personal_website_vpc"
          ]
        }
      ]
    },
    {
      "mode": "managed",
      "type": "aws_ecr_lifecycle_policy",
      "name": "backend_repository_lifecycle_policy",
      "provider": "provider[\"registry.terraform.io/hashicorp/aws\"]",
      "instances": [
        {
          "schema_version": 0,
          "attributes": {
            "id": "personal-website-stack-prod-backend-repository",
            "policy": "{\"rules\":[{\"action\":{\"type\":\"expire\"},\"description\":\"Delete excess images\",\"rulePriority\":1,\"selection\":{\"countNumber\":2,\"countType\":\"imageCountMoreThan\",\"tagStatus\":\"any\"}}]}",
            "region": "us-east-1",
            "registry_id": "242201278004",
            "repository": "personal-website-stack-prod-backend-repository"
          },
          "sensitive_attributes": [],
          "identity_schema_version": 0,
          "identity": {
            "account_id": "242201278004",
            "region": "us-east-1",
            "repository": "personal-website-stack-prod-backend-repository"
          },
          "private": "bnVsbA==",
          "dependencies": [
            "aws_ecr_repository.backend_repository"
          ]
        }
      ]
    },
    {
      "mode": "managed",
      "type": "aws_ecr_repository",
      "name": "backend_repository",
      "provider": "provider[\"registry.terraform.io/hashicorp/aws\"]",
      "instances": [
        {
          "schema_version": 0,
          "attributes": {
            "arn": "arn:aws:ecr:us-east-1:242201278004:repository/personal-website-stack-prod-backend-repository",
            "encryption_configuration": [
              {
                "encryption_type": "AES256",
                "kms_key": ""
              }
            ],
            "force_delete": null,
            "id": "personal-website-stack-prod-backend-repository",
            "image_scanning_configuration": [
              {
                "scan_on_push": true
              }
            ],
            "image_tag_mutability": "MUTABLE",
            "image_tag_mutability_exclusion_filter": [],
            "name": "personal-website-stack-prod-backend-repository",
            "region": "us-east-1",
            "registry_id": "242201278004",
            "repository_url": "242201278004.dkr.ecr.us-east-1.amazonaws.com/personal-website-stack-prod-backend-repository",
            "tags": {
              "Environment": "prod",
              "Project": "personal-website-stack",
              "managed_by": "Terraform"
            },
            "tags_all": {
              "Environment": "prod",
              "Project": "personal-website-stack",
              "managed_by": "Terraform"
            },
            "timeouts": null
          },
          "sensitive_attributes": [],
          "identity_schema_version": 0,
          "identity": {
            "account_id": "242201278004",
            "name": "personal-website-stack-prod-backend-repository",
            "region": "us-east-1"
          },
          "private": "eyJlMmJmYjczMC1lY2FhLTExZTYtOGY4OC0zNDM2M2JjN2M0YzAiOnsiZGVsZXRlIjoxMjAwMDAwMDAwMDAwfX0="
        }
      ]
    },
    {
      "mode": "managed",
      "type": "aws_iam_policy",
      "name": "lambda_logging",
      "provider": "provider[\"registry.terraform.io/hashicorp/aws\"]",
      "instances": [
        {
          "schema_version": 0,
          "attributes": {
            "arn": "arn:aws:iam::242201278004:policy/personal-website-stack-prod-lambda-logging-policy",
            "attachment_count": 2,
            "delay_after_policy_creation_in_ms": null,
            "description": "IAM policy for Lambda function logging to CloudWatch",
            "id": "arn:aws:iam::242201278004:policy/personal-website-stack-prod-lambda-logging-policy",
            "name": "personal-website-stack-prod-lambda-logging-policy",
            "name_prefix": "",
            "path": "/",
            "policy": "{\"Statement\":[{\"Action\":[\"logs:CreateLogGroup\",\"logs:CreateLogStream\",\"logs:PutLogEvents\"],\"Effect\":\"Allow\",\"Resource\":\"arn:aws:logs:*:*:*\"}],\"Version\":\"2012-10-17\"}",
            "policy_id": "ANPATQZCSGY2NVVRI2YJ2",
            "tags": {},
            "tags_all": {}
          },
          "sensitive_attributes": [],
          "identity_schema_version": 0,
          "identity": {
            "arn": "arn:aws:iam::242201278004:policy/personal-website-stack-prod-lambda-logging-policy"
          },
          "private": "bnVsbA=="
        }
      ]
    },
    {
      "mode": "managed",
      "type": "aws_iam_policy",
      "name": "lambda_s3_read_access",
      "provider": "provider[\"registry.terraform.io/hashicorp/aws\"]",
      "instances": [
        {
          "schema_version": 0,
          "attributes": {
            "arn": "arn:aws:iam::242201278004:policy/personal-website-stack-prod-lambda-get-s3-policy",
            "attachment_count": 1,
            "delay_after_policy_creation_in_ms": null,
            "description": "IAM policy for Lambda function to get objects from S3 bucket",
            "id": "arn:aws:iam::242201278004:policy/personal-website-stack-prod-lambda-get-s3-policy",
            "name": "personal-website-stack-prod-lambda-get-s3-policy",
            "name_prefix": "",
            "path": "/",
            "policy": "{\"Statement\":[{\"Action\":\"s3:GetObject\",\"Effect\":\"Allow\",\"Resource\":\"arn:aws:s3:::personal-website-static-files/*\"}],\"Version\":\"2012-10-17\"}",
            "policy_id": "ANPATQZCSGY2JR3KW4EW5",
            "tags": {},
            "tags_all": {}
          },
          "sensitive_attributes": [],
          "identity_schema_version": 0,
          "identity": {
            "arn": "arn:aws:iam::242201278004:policy/personal-website-stack-prod-lambda-get-s3-policy"
          },
          "private": "bnVsbA==",
          "dependencies": [
            "data.aws_s3_bucket.static_files_bucket"
          ]
        }
      ]
    },
    {
      "mode": "managed",
      "type": "aws_iam_role",
      "name": "lambda_edge_role",
      "provider": "provider[\"registry.terraform.io/hashicorp/aws\"]",
      "instances": [
        {
          "schema_version": 0,
          "attributes": {
            "arn": "arn:aws:iam::242201278004:role/personal-website-stack-prod-lambda-edge-role",
            "assume_role_policy": "{\"Statement\":[{\"Action\":\"sts:AssumeRole\",\"Effect\":\"Allow\",\"Principal\":{\"Service\":[\"lambda.amazonaws.com\",\"edgelambda.amazonaws.com\"]}}],\"Version\":\"2012-10-17\"}",
            "create_date": "2026-05-09T20:09:30Z",
            "description": "",
            "force_detach_policies": false,
            "id": "personal-website-stack-prod-lambda-edge-role",
            "inline_policy": [],
            "managed_policy_arns": [
              "arn:aws:iam::242201278004:policy/personal-website-stack-prod-lambda-logging-policy"
            ],
            "max_session_duration": 3600,
            "name": "personal-website-stack-prod-lambda-edge-role",
            "name_prefix": "",
            "path": "/",
            "permissions_boundary": "",
            "tags": {
              "Environment": "prod",
              "Project": "personal-website-stack",
              "managed_by": "Terraform"
            },
            "tags_all": {
              "Environment": "prod",
              "Project": "personal-website-stack",
              "managed_by": "Terraform"
            },
            "unique_id": "AROATQZCSGY2KVFPCAQX2"
          },
          "sensitive_attributes": [],
          "identity_schema_version": 0,
          "identity": {
            "account_id": "242201278004",
            "name": "personal-website-stack-prod-lambda-edge-role"
          },
          "private": "bnVsbA=="
        }
      ]
    },
    {
      "mode": "managed",
      "type": "aws_iam_role",
      "name": "lambda_execution_role",
      "provider": "provider[\"registry.terraform.io/hashicorp/aws\"]",
      "instances": [
        {
          "schema_version": 0,
          "attributes": {
            "arn": "arn:aws:iam::242201278004:role/personal-website-stack-prod-lambda-execution-role",
            "assume_role_policy": "{\"Statement\":[{\"Action\":\"sts:AssumeRole\",\"Effect\":\"Allow\",\"Principal\":{\"Service\":\"lambda.amazonaws.com\"}}],\"Version\":\"2012-10-17\"}",
            "create_date": "2026-05-09T20:09:30Z",
            "description": "",
            "force_detach_policies": false,
            "id": "personal-website-stack-prod-lambda-execution-role",
            "inline_policy": [],
            "managed_policy_arns": [
              "arn:aws:iam::242201278004:policy/personal-website-stack-prod-lambda-get-s3-policy",
              "arn:aws:iam::242201278004:policy/personal-website-stack-prod-lambda-logging-policy",
              "arn:aws:iam::aws:policy/service-role/AWSLambdaVPCAccessExecutionRole"
            ],
            "max_session_duration": 3600,
            "name": "personal-website-stack-prod-lambda-execution-role",
            "name_prefix": "",
            "path": "/",
            "permissions_boundary": "",
            "tags": {
              "Environment": "prod",
              "Project": "personal-website-stack",
              "managed_by": "Terraform"
            },
            "tags_all": {
              "Environment": "prod",
              "Project": "personal-website-stack",
              "managed_by": "Terraform"
            },
            "unique_id": "AROATQZCSGY2G2GKTWJ47"
          },
          "sensitive_attributes": [],
          "identity_schema_version": 0,
          "identity": {
            "account_id": "242201278004",
            "name": "personal-website-stack-prod-lambda-execution-role"
          },
          "private": "bnVsbA=="
        }
      ]
    },
    {
      "mode": "managed",
      "type": "aws_iam_role_policy_attachment",
      "name": "backend_lambda_logs",
      "provider": "provider[\"registry.terraform.io/hashicorp/aws\"]",
      "instances": [
        {
          "schema_version": 0,
          "attributes": {
            "id": "personal-website-stack-prod-lambda-execution-role/arn:aws:iam::242201278004:policy/personal-website-stack-prod-lambda-logging-policy",
            "policy_arn": "arn:aws:iam::242201278004:policy/personal-website-stack-prod-lambda-logging-policy",
            "role": "personal-website-stack-prod-lambda-execution-role"
          },
          "sensitive_attributes": [],
          "identity_schema_version": 0,
          "identity": {
            "account_id": "242201278004",
            "policy_arn": "arn:aws:iam::242201278004:policy/personal-website-stack-prod-lambda-logging-policy",
            "role": "personal-website-stack-prod-lambda-execution-role"
          },
          "private": "bnVsbA==",
          "dependencies": [
            "aws_iam_policy.lambda_logging",
            "aws_iam_role.lambda_execution_role"
          ]
        }
      ]
    },
    {
      "mode": "managed",
      "type": "aws_iam_role_policy_attachment",
      "name": "lambda_s3_read_access_attachment",
      "provider": "provider[\"registry.terraform.io/hashicorp/aws\"]",
      "instances": [
        {
          "schema_version": 0,
          "attributes": {
            "id": "personal-website-stack-prod-lambda-execution-role/arn:aws:iam::242201278004:policy/personal-website-stack-prod-lambda-get-s3-policy",
            "policy_arn": "arn:aws:iam::242201278004:policy/personal-website-stack-prod-lambda-get-s3-policy",
            "role": "personal-website-stack-prod-lambda-execution-role"
          },
          "sensitive_attributes": [],
          "identity_schema_version": 0,
          "identity": {
            "account_id": "242201278004",
            "policy_arn": "arn:aws:iam::242201278004:policy/personal-website-stack-prod-lambda-get-s3-policy",
            "role": "personal-website-stack-prod-lambda-execution-role"
          },
          "private": "bnVsbA==",
          "dependencies": [
            "aws_iam_policy.lambda_s3_read_access",
            "aws_iam_role.lambda_execution_role",
            "data.aws_s3_bucket.static_files_bucket"
          ]
        }
      ]
    },
    {
      "mode": "managed",
      "type": "aws_iam_role_policy_attachment",
      "name": "lambda_vpc_access",
      "provider": "provider[\"registry.terraform.io/hashicorp/aws\"]",
      "instances": [
        {
          "schema_version": 0,
          "attributes": {
            "id": "personal-website-stack-prod-lambda-execution-role/arn:aws:iam::aws:policy/service-role/AWSLambdaVPCAccessExecutionRole",
            "policy_arn": "arn:aws:iam::aws:policy/service-role/AWSLambdaVPCAccessExecutionRole",
            "role": "personal-website-stack-prod-lambda-execution-role"
          },
          "sensitive_attributes": [],
          "identity_schema_version": 0,
          "identity": {
            "account_id": "242201278004",
            "policy_arn": "arn:aws:iam::aws:policy/service-role/AWSLambdaVPCAccessExecutionRole",
            "role": "personal-website-stack-prod-lambda-execution-role"
          },
          "private": "bnVsbA==",
          "dependencies": [
            "aws_iam_role.lambda_execution_role"
          ]
        }
      ]
    },
    {
      "mode": "managed",
      "type": "aws_iam_role_policy_attachment",
      "name": "www_redirect_lambda_logs",
      "provider": "provider[\"registry.terraform.io/hashicorp/aws\"]",
      "instances": [
        {
          "schema_version": 0,
          "attributes": {
            "id": "personal-website-stack-prod-lambda-edge-role/arn:aws:iam::242201278004:policy/personal-website-stack-prod-lambda-logging-policy",
            "policy_arn": "arn:aws:iam::242201278004:policy/personal-website-stack-prod-lambda-logging-policy",
            "role": "personal-website-stack-prod-lambda-edge-role"
          },
          "sensitive_attributes": [],
          "identity_schema_version": 0,
          "identity": {
            "account_id": "242201278004",
            "policy_arn": "arn:aws:iam::242201278004:policy/personal-website-stack-prod-lambda-logging-policy",
            "role": "personal-website-stack-prod-lambda-edge-role"
          },
          "private": "bnVsbA==",
          "dependencies": [
            "aws_iam_policy.lambda_logging",
            "aws_iam_role.lambda_edge_role"
          ]
        }
      ]
    },
    {
      "mode": "managed",
      "type": "aws_internet_gateway",
      "name": "main_igw",
      "provider": "provider[\"registry.terraform.io/hashicorp/aws\"]",
      "instances": [
        {
          "schema_version": 0,
          "attributes": {
            "arn": "arn:aws:ec2:us-east-1:242201278004:internet-gateway/igw-0ca80c7d614cc65cf",
            "id": "igw-0ca80c7d614cc65cf",
            "owner_id": "242201278004",
            "region": "us-east-1",
            "tags": {
              "Environment": "prod",
              "Project": "personal-website-stack",
              "managed_by": "Terraform"
            },
            "tags_all": {
              "Environment": "prod",
              "Project": "personal-website-stack",
              "managed_by": "Terraform"
            },
            "timeouts": null,
            "vpc_id": "vpc-082cd8211b269c6ca"
          },
          "sensitive_attributes": [],
          "identity_schema_version": 0,
          "private": "eyJlMmJmYjczMC1lY2FhLTExZTYtOGY4OC0zNDM2M2JjN2M0YzAiOnsiY3JlYXRlIjoxMjAwMDAwMDAwMDAwLCJkZWxldGUiOjEyMDAwMDAwMDAwMDAsInVwZGF0ZSI6MTIwMDAwMDAwMDAwMH19",
          "dependencies": [
            "aws_vpc.personal_website_vpc"
          ]
        }
      ]
    },
    {
      "mode": "managed",
      "type": "aws_lambda_alias",
      "name": "www_redirect_function_alias",
      "provider": "provider[\"registry.terraform.io/hashicorp/aws\"].us_east_1",
      "instances": [
        {
          "schema_version": 0,
          "attributes": {
            "arn": "arn:aws:lambda:us-east-1:242201278004:function:personal-website-stack-prod-www-redirect-function:live",
            "description": "",
            "function_name": "personal-website-stack-prod-www-redirect-function",
            "function_version": "1",
            "id": "arn:aws:lambda:us-east-1:242201278004:function:personal-website-stack-prod-www-redirect-function:live",
            "invoke_arn": "arn:aws:apigateway:us-east-1:lambda:path/2015-03-31/functions/arn:aws:lambda:us-east-1:242201278004:function:personal-website-stack-prod-www-redirect-function:live/invocations",
            "name": "live",
            "region": "us-east-1",
            "routing_config": []
          },
          "sensitive_attributes": [],
          "identity_schema_version": 0,
          "private": "bnVsbA==",
          "dependencies": [
            "aws_iam_role.lambda_edge_role",
            "aws_lambda_function.www_redirect_function",
            "data.archive_file.www_redirect_function_zip",
            "local_file.www_redirect_function_template_file"
          ]
        }
      ]
    },
    {
      "mode": "managed",
      "type": "aws_lambda_function",
      "name": "backend_function",
      "provider": "provider[\"registry.terraform.io/hashicorp/aws\"]",
      "instances": [
        {
          "schema_version": 0,
          "attributes": {
            "architectures": [
              "x86_64"
            ],
            "arn": "arn:aws:lambda:us-east-1:242201278004:function:personal-website-stack-prod-backend-function",
            "capacity_provider_config": [],
            "code_sha256": "0963ca7ac530a9e12cbab4b5578054be4c4bf031b381e9a914af9b42b6bf2358",
            "code_signing_config_arn": "",
            "dead_letter_config": [],
            "description": "",
            "durable_config": [],
            "environment": [
              {
                "variables": {
                  "AWS_NODEJS_CONNECTION_REUSE_ENABLED": "1",
                  "NASA_API_KEY": "riuOwTTH1F9DOtYkTRW0KzleqnWdZ0MtjqtDcLbhvalue",
                  "NEXT_PUBLIC_BASE_URL": "https://nathanpons.com",
                  "NODE_ENV": "prod",
                  "STATIC_BUCKET_NAME": "personal-website-static-files"
                }
              }
            ],
            "ephemeral_storage": [
              {
                "size": 512
              }
            ],
            "file_system_config": [],
            "filename": null,
            "function_name": "personal-website-stack-prod-backend-function",
            "handler": "",
            "id": "personal-website-stack-prod-backend-function",
            "image_config": [
              {
                "command": [
                  "server.handler"
                ],
                "entry_point": [],
                "working_directory": ""
              }
            ],
            "image_uri": "242201278004.dkr.ecr.us-east-1.amazonaws.com/personal-website-stack-prod-backend-repository:latest",
            "invoke_arn": "arn:aws:apigateway:us-east-1:lambda:path/2015-03-31/functions/arn:aws:lambda:us-east-1:242201278004:function:personal-website-stack-prod-backend-function/invocations",
            "kms_key_arn": "",
            "last_modified": "2026-05-10T20:19:42.000+0000",
            "layers": [],
            "logging_config": [
              {
                "application_log_level": "INFO",
                "log_format": "JSON",
                "log_group": "/aws/lambda/personal-website-stack-prod-backend-function",
                "system_log_level": "WARN"
              }
            ],
            "memory_size": 128,
            "package_type": "Image",
            "publish": false,
            "publish_to": null,
            "qualified_arn": "arn:aws:lambda:us-east-1:242201278004:function:personal-website-stack-prod-backend-function:$LATEST",
            "qualified_invoke_arn": "arn:aws:apigateway:us-east-1:lambda:path/2015-03-31/functions/arn:aws:lambda:us-east-1:242201278004:function:personal-website-stack-prod-backend-function:$LATEST/invocations",
            "region": "us-east-1",
            "replace_security_groups_on_destroy": null,
            "replacement_security_group_ids": null,
            "reserved_concurrent_executions": -1,
            "response_streaming_invoke_arn": "arn:aws:apigateway:us-east-1:lambda:path/2021-11-15/functions/arn:aws:lambda:us-east-1:242201278004:function:personal-website-stack-prod-backend-function/response-streaming-invocations",
            "role": "arn:aws:iam::242201278004:role/personal-website-stack-prod-lambda-execution-role",
            "runtime": "",
            "s3_bucket": null,
            "s3_key": null,
            "s3_object_version": null,
            "signing_job_arn": "",
            "signing_profile_version_arn": "",
            "skip_destroy": false,
            "snap_start": [],
            "source_code_hash": "",
            "source_code_size": 0,
            "source_kms_key_arn": "",
            "tags": {
              "Environment": "prod",
              "Project": "personal-website-stack",
              "managed_by": "Terraform"
            },
            "tags_all": {
              "Environment": "prod",
              "Project": "personal-website-stack",
              "managed_by": "Terraform"
            },
            "tenancy_config": [],
            "timeout": 30,
            "timeouts": null,
            "tracing_config": [
              {
                "mode": "PassThrough"
              }
            ],
            "version": "$LATEST",
            "vpc_config": [
              {
                "ipv6_allowed_for_dual_stack": false,
                "security_group_ids": [
                  "sg-0ebc31fa83fa13799"
                ],
                "subnet_ids": [
                  "subnet-07d8735885651b021"
                ],
                "vpc_id": "vpc-082cd8211b269c6ca"
              }
            ]
          },
          "sensitive_attributes": [
            [
              {
                "type": "get_attr",
                "value": "environment"
              },
              {
                "type": "index",
                "value": {
                  "value": 0,
                  "type": "number"
                }
              },
              {
                "type": "get_attr",
                "value": "variables"
              },
              {
                "type": "index",
                "value": {
                  "value": "NASA_API_KEY",
                  "type": "string"
                }
              }
            ]
          ],
          "identity_schema_version": 0,
          "identity": {
            "account_id": "242201278004",
            "function_name": "personal-website-stack-prod-backend-function",
            "region": "us-east-1"
          },
          "private": "eyJlMmJmYjczMC1lY2FhLTExZTYtOGY4OC0zNDM2M2JjN2M0YzAiOnsiY3JlYXRlIjo2MDAwMDAwMDAwMDAsImRlbGV0ZSI6NjAwMDAwMDAwMDAwLCJ1cGRhdGUiOjYwMDAwMDAwMDAwMH19",
          "dependencies": [
            "aws_ecr_repository.backend_repository",
            "aws_iam_policy.lambda_logging",
            "aws_iam_role.lambda_execution_role",
            "aws_iam_role_policy_attachment.backend_lambda_logs",
            "aws_security_group.lambda_security_group",
            "aws_subnet.public_subnets",
            "aws_vpc.personal_website_vpc",
            "data.aws_s3_bucket.static_files_bucket"
          ]
        }
      ]
    },
    {
      "mode": "managed",
      "type": "aws_lambda_function",
      "name": "www_redirect_function",
      "provider": "provider[\"registry.terraform.io/hashicorp/aws\"].us_east_1",
      "instances": [
        {
          "schema_version": 0,
          "attributes": {
            "architectures": [
              "x86_64"
            ],
            "arn": "arn:aws:lambda:us-east-1:242201278004:function:personal-website-stack-prod-www-redirect-function",
            "capacity_provider_config": [],
            "code_sha256": "2Y8FUUh8Dt7ddyHZcmcG8hNgYB2iP28t+1PyOh1+wYE=",
            "code_signing_config_arn": "",
            "dead_letter_config": [],
            "description": "",
            "durable_config": [],
            "environment": [],
            "ephemeral_storage": [
              {
                "size": 512
              }
            ],
            "file_system_config": [],
            "filename": "lambda_functions/www-redirect-function.zip",
            "function_name": "personal-website-stack-prod-www-redirect-function",
            "handler": "www-redirect-function.handler",
            "id": "personal-website-stack-prod-www-redirect-function",
            "image_config": [],
            "image_uri": "",
            "invoke_arn": "arn:aws:apigateway:us-east-1:lambda:path/2015-03-31/functions/arn:aws:lambda:us-east-1:242201278004:function:personal-website-stack-prod-www-redirect-function/invocations",
            "kms_key_arn": "",
            "last_modified": "2026-05-09T20:09:39.703+0000",
            "layers": [],
            "logging_config": [
              {
                "application_log_level": "",
                "log_format": "Text",
                "log_group": "/aws/lambda/personal-website-stack-prod-www-redirect-function",
                "system_log_level": ""
              }
            ],
            "memory_size": 128,
            "package_type": "Zip",
            "publish": true,
            "publish_to": null,
            "qualified_arn": "arn:aws:lambda:us-east-1:242201278004:function:personal-website-stack-prod-www-redirect-function:1",
            "qualified_invoke_arn": "arn:aws:apigateway:us-east-1:lambda:path/2015-03-31/functions/arn:aws:lambda:us-east-1:242201278004:function:personal-website-stack-prod-www-redirect-function:1/invocations",
            "region": "us-east-1",
            "replace_security_groups_on_destroy": null,
            "replacement_security_group_ids": null,
            "reserved_concurrent_executions": -1,
            "response_streaming_invoke_arn": "arn:aws:apigateway:us-east-1:lambda:path/2021-11-15/functions/arn:aws:lambda:us-east-1:242201278004:function:personal-website-stack-prod-www-redirect-function/response-streaming-invocations",
            "role": "arn:aws:iam::242201278004:role/personal-website-stack-prod-lambda-edge-role",
            "runtime": "nodejs24.x",
            "s3_bucket": null,
            "s3_key": null,
            "s3_object_version": null,
            "signing_job_arn": "",
            "signing_profile_version_arn": "",
            "skip_destroy": false,
            "snap_start": [],
            "source_code_hash": "2Y8FUUh8Dt7ddyHZcmcG8hNgYB2iP28t+1PyOh1+wYE=",
            "source_code_size": 417,
            "source_kms_key_arn": "",
            "tags": {
              "Environment": "prod",
              "Project": "personal-website-stack",
              "managed_by": "Terraform"
            },
            "tags_all": {
              "Environment": "prod",
              "Project": "personal-website-stack",
              "managed_by": "Terraform"
            },
            "tenancy_config": [],
            "timeout": 5,
            "timeouts": null,
            "tracing_config": [
              {
                "mode": "PassThrough"
              }
            ],
            "version": "1",
            "vpc_config": []
          },
          "sensitive_attributes": [],
          "identity_schema_version": 0,
          "identity": {
            "account_id": "242201278004",
            "function_name": "personal-website-stack-prod-www-redirect-function",
            "region": "us-east-1"
          },
          "private": "eyJlMmJmYjczMC1lY2FhLTExZTYtOGY4OC0zNDM2M2JjN2M0YzAiOnsiY3JlYXRlIjo2MDAwMDAwMDAwMDAsImRlbGV0ZSI6NjAwMDAwMDAwMDAwLCJ1cGRhdGUiOjYwMDAwMDAwMDAwMH19",
          "dependencies": [
            "aws_iam_role.lambda_edge_role",
            "data.archive_file.www_redirect_function_zip",
            "local_file.www_redirect_function_template_file"
          ]
        }
      ]
    },
    {
      "mode": "managed",
      "type": "aws_lambda_permission",
      "name": "apigateway_lambda_permission",
      "provider": "provider[\"registry.terraform.io/hashicorp/aws\"]",
      "instances": [
        {
          "schema_version": 0,
          "attributes": {
            "action": "lambda:InvokeFunction",
            "event_source_token": null,
            "function_name": "personal-website-stack-prod-backend-function",
            "function_url_auth_type": null,
            "id": "AllowAPIGatewayInvoke",
            "invoked_via_function_url": null,
            "principal": "apigateway.amazonaws.com",
            "principal_org_id": null,
            "qualifier": "",
            "region": "us-east-1",
            "source_account": null,
            "source_arn": "arn:aws:execute-api:us-east-1:242201278004:0c1msjrim2/*/*",
            "statement_id": "AllowAPIGatewayInvoke",
            "statement_id_prefix": ""
          },
          "sensitive_attributes": [],
          "identity_schema_version": 0,
          "identity": {
            "account_id": "242201278004",
            "function_name": "personal-website-stack-prod-backend-function",
            "qualifier": null,
            "region": "us-east-1",
            "statement_id": "AllowAPIGatewayInvoke"
          },
          "private": "bnVsbA==",
          "dependencies": [
            "aws_apigatewayv2_api.api_gateway",
            "aws_ecr_repository.backend_repository",
            "aws_iam_policy.lambda_logging",
            "aws_iam_role.lambda_execution_role",
            "aws_iam_role_policy_attachment.backend_lambda_logs",
            "aws_lambda_function.backend_function",
            "aws_security_group.lambda_security_group",
            "aws_subnet.public_subnets",
            "aws_vpc.personal_website_vpc",
            "data.aws_s3_bucket.static_files_bucket"
          ]
        }
      ]
    },
    {
      "mode": "managed",
      "type": "aws_route_table",
      "name": "public_route_table",
      "provider": "provider[\"registry.terraform.io/hashicorp/aws\"]",
      "instances": [
        {
          "schema_version": 0,
          "attributes": {
            "arn": "arn:aws:ec2:us-east-1:242201278004:route-table/rtb-0b9aa7b63328557c1",
            "id": "rtb-0b9aa7b63328557c1",
            "owner_id": "242201278004",
            "propagating_vgws": [],
            "region": "us-east-1",
            "route": [
              {
                "carrier_gateway_id": "",
                "cidr_block": "0.0.0.0/0",
                "core_network_arn": "",
                "destination_prefix_list_id": "",
                "egress_only_gateway_id": "",
                "gateway_id": "igw-0ca80c7d614cc65cf",
                "ipv6_cidr_block": "",
                "local_gateway_id": "",
                "nat_gateway_id": "",
                "network_interface_id": "",
                "transit_gateway_id": "",
                "vpc_endpoint_id": "",
                "vpc_peering_connection_id": ""
              }
            ],
            "tags": {},
            "tags_all": {},
            "timeouts": null,
            "vpc_id": "vpc-082cd8211b269c6ca"
          },
          "sensitive_attributes": [],
          "identity_schema_version": 0,
          "identity": {
            "account_id": "242201278004",
            "id": "rtb-0b9aa7b63328557c1",
            "region": "us-east-1"
          },
          "private": "eyJlMmJmYjczMC1lY2FhLTExZTYtOGY4OC0zNDM2M2JjN2M0YzAiOnsiY3JlYXRlIjozMDAwMDAwMDAwMDAsImRlbGV0ZSI6MzAwMDAwMDAwMDAwLCJ1cGRhdGUiOjEyMDAwMDAwMDAwMH19",
          "dependencies": [
            "aws_internet_gateway.main_igw",
            "aws_vpc.personal_website_vpc"
          ]
        }
      ]
    },
    {
      "mode": "managed",
      "type": "aws_route_table_association",
      "name": "public_route_table_association",
      "provider": "provider[\"registry.terraform.io/hashicorp/aws\"]",
      "instances": [
        {
          "index_key": 0,
          "schema_version": 0,
          "attributes": {
            "gateway_id": "",
            "id": "rtbassoc-0fb4f10a580aac020",
            "region": "us-east-1",
            "route_table_id": "rtb-0b9aa7b63328557c1",
            "subnet_id": "subnet-07d8735885651b021",
            "timeouts": null
          },
          "sensitive_attributes": [],
          "identity_schema_version": 0,
          "identity": {
            "account_id": "242201278004",
            "id": "rtbassoc-0fb4f10a580aac020",
            "region": "us-east-1"
          },
          "private": "eyJlMmJmYjczMC1lY2FhLTExZTYtOGY4OC0zNDM2M2JjN2M0YzAiOnsiY3JlYXRlIjozMDAwMDAwMDAwMDAsImRlbGV0ZSI6MzAwMDAwMDAwMDAwLCJ1cGRhdGUiOjEyMDAwMDAwMDAwMH19",
          "dependencies": [
            "aws_internet_gateway.main_igw",
            "aws_route_table.public_route_table",
            "aws_subnet.public_subnets",
            "aws_vpc.personal_website_vpc"
          ]
        }
      ]
    },
    {
      "mode": "managed",
      "type": "aws_s3_bucket",
      "name": "frontend_bucket",
      "provider": "provider[\"registry.terraform.io/hashicorp/aws\"]",
      "instances": [
        {
          "schema_version": 0,
          "attributes": {
            "acceleration_status": "",
            "acl": null,
            "arn": "arn:aws:s3:::personal-website-stack-prod-frontend-bucket",
            "bucket": "personal-website-stack-prod-frontend-bucket",
            "bucket_domain_name": "personal-website-stack-prod-frontend-bucket.s3.amazonaws.com",
            "bucket_namespace": "global",
            "bucket_prefix": "",
            "bucket_region": "us-east-1",
            "bucket_regional_domain_name": "personal-website-stack-prod-frontend-bucket.s3.us-east-1.amazonaws.com",
            "cors_rule": [],
            "force_destroy": true,
            "grant": [
              {
                "id": "5b83776ee587c101a1c46321574959df78ca7892e112feb586713299edeb4cb5",
                "permissions": [
                  "FULL_CONTROL"
                ],
                "type": "CanonicalUser",
                "uri": ""
              }
            ],
            "hosted_zone_id": "Z3AQBSTGFYJSTF",
            "id": "personal-website-stack-prod-frontend-bucket",
            "lifecycle_rule": [],
            "logging": [],
            "object_lock_configuration": [],
            "object_lock_enabled": false,
            "policy": "",
            "region": "us-east-1",
            "replication_configuration": [],
            "request_payer": "BucketOwner",
            "server_side_encryption_configuration": [
              {
                "rule": [
                  {
                    "apply_server_side_encryption_by_default": [
                      {
                        "kms_master_key_id": "",
                        "sse_algorithm": "AES256"
                      }
                    ],
                    "bucket_key_enabled": false
                  }
                ]
              }
            ],
            "tags": {
              "Environment": "prod",
              "Project": "personal-website-stack",
              "managed_by": "Terraform"
            },
            "tags_all": {
              "Environment": "prod",
              "Project": "personal-website-stack",
              "managed_by": "Terraform"
            },
            "timeouts": null,
            "versioning": [
              {
                "enabled": true,
                "mfa_delete": false
              }
            ],
            "website": [],
            "website_domain": null,
            "website_endpoint": null
          },
          "sensitive_attributes": [],
          "identity_schema_version": 0,
          "identity": {
            "account_id": "242201278004",
            "bucket": "personal-website-stack-prod-frontend-bucket",
            "region": "us-east-1"
          },
          "private": "eyJlMmJmYjczMC1lY2FhLTExZTYtOGY4OC0zNDM2M2JjN2M0YzAiOnsiY3JlYXRlIjoxMjAwMDAwMDAwMDAwLCJkZWxldGUiOjM2MDAwMDAwMDAwMDAsInJlYWQiOjEyMDAwMDAwMDAwMDAsInVwZGF0ZSI6MTIwMDAwMDAwMDAwMH19"
        }
      ]
    },
    {
      "mode": "managed",
      "type": "aws_s3_bucket_ownership_controls",
      "name": "frontend_bucket_ownership_controls",
      "provider": "provider[\"registry.terraform.io/hashicorp/aws\"]",
      "instances": [
        {
          "schema_version": 0,
          "attributes": {
            "bucket": "personal-website-stack-prod-frontend-bucket",
            "id": "personal-website-stack-prod-frontend-bucket",
            "region": "us-east-1",
            "rule": [
              {
                "object_ownership": "BucketOwnerEnforced"
              }
            ]
          },
          "sensitive_attributes": [],
          "identity_schema_version": 0,
          "identity": {
            "account_id": "242201278004",
            "bucket": "personal-website-stack-prod-frontend-bucket",
            "region": "us-east-1"
          },
          "private": "bnVsbA==",
          "dependencies": [
            "aws_s3_bucket.frontend_bucket"
          ]
        }
      ]
    },
    {
      "mode": "managed",
      "type": "aws_s3_bucket_ownership_controls",
      "name": "static_files_bucket_ownership_controls",
      "provider": "provider[\"registry.terraform.io/hashicorp/aws\"]",
      "instances": [
        {
          "schema_version": 0,
          "attributes": {
            "bucket": "personal-website-static-files",
            "id": "personal-website-static-files",
            "region": "us-east-1",
            "rule": [
              {
                "object_ownership": "BucketOwnerEnforced"
              }
            ]
          },
          "sensitive_attributes": [],
          "identity_schema_version": 0,
          "identity": {
            "account_id": "242201278004",
            "bucket": "personal-website-static-files",
            "region": "us-east-1"
          },
          "private": "bnVsbA==",
          "dependencies": [
            "data.aws_s3_bucket.static_files_bucket"
          ]
        }
      ]
    },
    {
      "mode": "managed",
      "type": "aws_s3_bucket_public_access_block",
      "name": "frontend_bucket_public_access_block",
      "provider": "provider[\"registry.terraform.io/hashicorp/aws\"]",
      "instances": [
        {
          "schema_version": 0,
          "attributes": {
            "block_public_acls": true,
            "block_public_policy": true,
            "bucket": "personal-website-stack-prod-frontend-bucket",
            "id": "personal-website-stack-prod-frontend-bucket",
            "ignore_public_acls": true,
            "region": "us-east-1",
            "restrict_public_buckets": true,
            "skip_destroy": null
          },
          "sensitive_attributes": [],
          "identity_schema_version": 0,
          "identity": {
            "account_id": "242201278004",
            "bucket": "personal-website-stack-prod-frontend-bucket",
            "region": "us-east-1"
          },
          "private": "bnVsbA==",
          "dependencies": [
            "aws_s3_bucket.frontend_bucket"
          ]
        }
      ]
    },
    {
      "mode": "managed",
      "type": "aws_s3_bucket_public_access_block",
      "name": "static_files_bucket_public_access_block",
      "provider": "provider[\"registry.terraform.io/hashicorp/aws\"]",
      "instances": [
        {
          "schema_version": 0,
          "attributes": {
            "block_public_acls": true,
            "block_public_policy": true,
            "bucket": "personal-website-static-files",
            "id": "personal-website-static-files",
            "ignore_public_acls": true,
            "region": "us-east-1",
            "restrict_public_buckets": true,
            "skip_destroy": null
          },
          "sensitive_attributes": [],
          "identity_schema_version": 0,
          "identity": {
            "account_id": "242201278004",
            "bucket": "personal-website-static-files",
            "region": "us-east-1"
          },
          "private": "bnVsbA==",
          "dependencies": [
            "data.aws_s3_bucket.static_files_bucket"
          ]
        }
      ]
    },
    {
      "mode": "managed",
      "type": "aws_s3_bucket_server_side_encryption_configuration",
      "name": "frontend_bucket_encryption",
      "provider": "provider[\"registry.terraform.io/hashicorp/aws\"]",
      "instances": [
        {
          "schema_version": 0,
          "attributes": {
            "bucket": "personal-website-stack-prod-frontend-bucket",
            "expected_bucket_owner": "",
            "id": "personal-website-stack-prod-frontend-bucket",
            "region": "us-east-1",
            "rule": [
              {
                "apply_server_side_encryption_by_default": [
                  {
                    "kms_master_key_id": "",
                    "sse_algorithm": "AES256"
                  }
                ],
                "blocked_encryption_types": [
                  "SSE-C"
                ],
                "bucket_key_enabled": false
              }
            ]
          },
          "sensitive_attributes": [],
          "identity_schema_version": 1,
          "identity": {
            "account_id": "242201278004",
            "bucket": "personal-website-stack-prod-frontend-bucket",
            "region": "us-east-1"
          },
          "private": "bnVsbA==",
          "dependencies": [
            "aws_s3_bucket.frontend_bucket"
          ]
        }
      ]
    },
    {
      "mode": "managed",
      "type": "aws_s3_bucket_server_side_encryption_configuration",
      "name": "static_files_bucket_encryption",
      "provider": "provider[\"registry.terraform.io/hashicorp/aws\"]",
      "instances": [
        {
          "schema_version": 0,
          "attributes": {
            "bucket": "personal-website-static-files",
            "expected_bucket_owner": "",
            "id": "personal-website-static-files",
            "region": "us-east-1",
            "rule": [
              {
                "apply_server_side_encryption_by_default": [
                  {
                    "kms_master_key_id": "",
                    "sse_algorithm": "AES256"
                  }
                ],
                "blocked_encryption_types": [
                  "SSE-C"
                ],
                "bucket_key_enabled": false
              }
            ]
          },
          "sensitive_attributes": [],
          "identity_schema_version": 1,
          "identity": {
            "account_id": "242201278004",
            "bucket": "personal-website-static-files",
            "region": "us-east-1"
          },
          "private": "bnVsbA==",
          "dependencies": [
            "data.aws_s3_bucket.static_files_bucket"
          ]
        }
      ]
    },
    {
      "mode": "managed",
      "type": "aws_s3_bucket_versioning",
      "name": "frontend_bucket_versioning",
      "provider": "provider[\"registry.terraform.io/hashicorp/aws\"]",
      "instances": [
        {
          "schema_version": 0,
          "attributes": {
            "bucket": "personal-website-stack-prod-frontend-bucket",
            "expected_bucket_owner": "",
            "id": "personal-website-stack-prod-frontend-bucket",
            "mfa": null,
            "region": "us-east-1",
            "versioning_configuration": [
              {
                "mfa_delete": "",
                "status": "Enabled"
              }
            ]
          },
          "sensitive_attributes": [],
          "identity_schema_version": 1,
          "identity": {
            "account_id": "242201278004",
            "bucket": "personal-website-stack-prod-frontend-bucket",
            "region": "us-east-1"
          },
          "private": "bnVsbA==",
          "dependencies": [
            "aws_s3_bucket.frontend_bucket"
          ]
        }
      ]
    },
    {
      "mode": "managed",
      "type": "aws_s3_bucket_versioning",
      "name": "static_files_bucket_versioning",
      "provider": "provider[\"registry.terraform.io/hashicorp/aws\"]",
      "instances": [
        {
          "schema_version": 0,
          "attributes": {
            "bucket": "personal-website-static-files",
            "expected_bucket_owner": "",
            "id": "personal-website-static-files",
            "mfa": null,
            "region": "us-east-1",
            "versioning_configuration": [
              {
                "mfa_delete": "",
                "status": "Enabled"
              }
            ]
          },
          "sensitive_attributes": [],
          "identity_schema_version": 1,
          "identity": {
            "account_id": "242201278004",
            "bucket": "personal-website-static-files",
            "region": "us-east-1"
          },
          "private": "bnVsbA==",
          "dependencies": [
            "data.aws_s3_bucket.static_files_bucket"
          ]
        }
      ]
    },
    {
      "mode": "managed",
      "type": "aws_security_group",
      "name": "lambda_security_group",
      "provider": "provider[\"registry.terraform.io/hashicorp/aws\"]",
      "instances": [
        {
          "schema_version": 1,
          "attributes": {
            "arn": "arn:aws:ec2:us-east-1:242201278004:security-group/sg-0ebc31fa83fa13799",
            "description": "Security group for lambda functions",
            "egress": [
              {
                "cidr_blocks": [
                  "10.0.0.2/32"
                ],
                "description": "",
                "from_port": 53,
                "ipv6_cidr_blocks": [],
                "prefix_list_ids": [],
                "protocol": "tcp",
                "security_groups": [],
                "self": false,
                "to_port": 53
              },
              {
                "cidr_blocks": [
                  "10.0.0.2/32"
                ],
                "description": "",
                "from_port": 53,
                "ipv6_cidr_blocks": [],
                "prefix_list_ids": [],
                "protocol": "udp",
                "security_groups": [],
                "self": false,
                "to_port": 53
              }
            ],
            "id": "sg-0ebc31fa83fa13799",
            "ingress": [],
            "name": "personal-website-stack-prod-lambda-security-group",
            "name_prefix": "",
            "owner_id": "242201278004",
            "region": "us-east-1",
            "revoke_rules_on_delete": false,
            "tags": {},
            "tags_all": {},
            "timeouts": null,
            "vpc_id": "vpc-082cd8211b269c6ca"
          },
          "sensitive_attributes": [],
          "identity_schema_version": 0,
          "identity": {
            "account_id": "242201278004",
            "id": "sg-0ebc31fa83fa13799",
            "region": "us-east-1"
          },
          "private": "eyJlMmJmYjczMC1lY2FhLTExZTYtOGY4OC0zNDM2M2JjN2M0YzAiOnsiY3JlYXRlIjo2MDAwMDAwMDAwMDAsImRlbGV0ZSI6OTAwMDAwMDAwMDAwfSwic2NoZW1hX3ZlcnNpb24iOiIxIn0=",
          "dependencies": [
            "aws_vpc.personal_website_vpc"
          ]
        }
      ]
    },
    {
      "mode": "managed",
      "type": "aws_security_group",
      "name": "rds_security_group",
      "provider": "provider[\"registry.terraform.io/hashicorp/aws\"]",
      "instances": [
        {
          "schema_version": 1,
          "attributes": {
            "arn": "arn:aws:ec2:us-east-1:242201278004:security-group/sg-0155587bae1d09e26",
            "description": "Security group for postgres instance",
            "egress": [
              {
                "cidr_blocks": [
                  "10.0.0.2/32"
                ],
                "description": "",
                "from_port": 53,
                "ipv6_cidr_blocks": [],
                "prefix_list_ids": [],
                "protocol": "tcp",
                "security_groups": [],
                "self": false,
                "to_port": 53
              },
              {
                "cidr_blocks": [
                  "10.0.0.2/32"
                ],
                "description": "",
                "from_port": 53,
                "ipv6_cidr_blocks": [],
                "prefix_list_ids": [],
                "protocol": "udp",
                "security_groups": [],
                "self": false,
                "to_port": 53
              }
            ],
            "id": "sg-0155587bae1d09e26",
            "ingress": [
              {
                "cidr_blocks": [],
                "description": "",
                "from_port": 5432,
                "ipv6_cidr_blocks": [],
                "prefix_list_ids": [],
                "protocol": "tcp",
                "security_groups": [
                  "sg-0ebc31fa83fa13799"
                ],
                "self": false,
                "to_port": 5432
              }
            ],
            "name": "personal-website-stack-prod-rds-security-group",
            "name_prefix": "",
            "owner_id": "242201278004",
            "region": "us-east-1",
            "revoke_rules_on_delete": false,
            "tags": {},
            "tags_all": {},
            "timeouts": null,
            "vpc_id": "vpc-082cd8211b269c6ca"
          },
          "sensitive_attributes": [],
          "identity_schema_version": 0,
          "identity": {
            "account_id": "242201278004",
            "id": "sg-0155587bae1d09e26",
            "region": "us-east-1"
          },
          "private": "eyJlMmJmYjczMC1lY2FhLTExZTYtOGY4OC0zNDM2M2JjN2M0YzAiOnsiY3JlYXRlIjo2MDAwMDAwMDAwMDAsImRlbGV0ZSI6OTAwMDAwMDAwMDAwfSwic2NoZW1hX3ZlcnNpb24iOiIxIn0=",
          "dependencies": [
            "aws_security_group.lambda_security_group",
            "aws_vpc.personal_website_vpc"
          ]
        }
      ]
    },
    {
      "mode": "managed",
      "type": "aws_subnet",
      "name": "private_subnets",
      "provider": "provider[\"registry.terraform.io/hashicorp/aws\"]",
      "instances": [
        {
          "index_key": 0,
          "schema_version": 1,
          "attributes": {
            "arn": "arn:aws:ec2:us-east-1:242201278004:subnet/subnet-05b8d11806c6d4126",
            "assign_ipv6_address_on_creation": false,
            "availability_zone": "us-east-1a",
            "availability_zone_id": "use1-az4",
            "cidr_block": "10.0.10.0/24",
            "customer_owned_ipv4_pool": "",
            "enable_dns64": false,
            "enable_lni_at_device_index": 0,
            "enable_resource_name_dns_a_record_on_launch": false,
            "enable_resource_name_dns_aaaa_record_on_launch": false,
            "id": "subnet-05b8d11806c6d4126",
            "ipv4_ipam_pool_id": null,
            "ipv4_netmask_length": null,
            "ipv6_cidr_block": "",
            "ipv6_cidr_block_association_id": "",
            "ipv6_ipam_pool_id": null,
            "ipv6_native": false,
            "ipv6_netmask_length": null,
            "map_customer_owned_ip_on_launch": false,
            "map_public_ip_on_launch": false,
            "outpost_arn": "",
            "owner_id": "242201278004",
            "private_dns_hostname_type_on_launch": "ip-name",
            "region": "us-east-1",
            "tags": {
              "Environment": "prod",
              "Name": "personal-website-stack-prod-private-subnet-1",
              "Project": "personal-website-stack",
              "managed_by": "Terraform"
            },
            "tags_all": {
              "Environment": "prod",
              "Name": "personal-website-stack-prod-private-subnet-1",
              "Project": "personal-website-stack",
              "managed_by": "Terraform"
            },
            "timeouts": null,
            "vpc_id": "vpc-082cd8211b269c6ca"
          },
          "sensitive_attributes": [],
          "identity_schema_version": 0,
          "identity": {
            "account_id": "242201278004",
            "id": "subnet-05b8d11806c6d4126",
            "region": "us-east-1"
          },
          "private": "eyJlMmJmYjczMC1lY2FhLTExZTYtOGY4OC0zNDM2M2JjN2M0YzAiOnsiY3JlYXRlIjo2MDAwMDAwMDAwMDAsImRlbGV0ZSI6MTIwMDAwMDAwMDAwMH0sInNjaGVtYV92ZXJzaW9uIjoiMSJ9",
          "dependencies": [
            "aws_vpc.personal_website_vpc"
          ]
        },
        {
          "index_key": 1,
          "schema_version": 1,
          "attributes": {
            "arn": "arn:aws:ec2:us-east-1:242201278004:subnet/subnet-07664400a619f639d",
            "assign_ipv6_address_on_creation": false,
            "availability_zone": "us-east-1b",
            "availability_zone_id": "use1-az6",
            "cidr_block": "10.0.11.0/24",
            "customer_owned_ipv4_pool": "",
            "enable_dns64": false,
            "enable_lni_at_device_index": 0,
            "enable_resource_name_dns_a_record_on_launch": false,
            "enable_resource_name_dns_aaaa_record_on_launch": false,
            "id": "subnet-07664400a619f639d",
            "ipv4_ipam_pool_id": null,
            "ipv4_netmask_length": null,
            "ipv6_cidr_block": "",
            "ipv6_cidr_block_association_id": "",
            "ipv6_ipam_pool_id": null,
            "ipv6_native": false,
            "ipv6_netmask_length": null,
            "map_customer_owned_ip_on_launch": false,
            "map_public_ip_on_launch": false,
            "outpost_arn": "",
            "owner_id": "242201278004",
            "private_dns_hostname_type_on_launch": "ip-name",
            "region": "us-east-1",
            "tags": {
              "Environment": "prod",
              "Name": "personal-website-stack-prod-private-subnet-2",
              "Project": "personal-website-stack",
              "managed_by": "Terraform"
            },
            "tags_all": {
              "Environment": "prod",
              "Name": "personal-website-stack-prod-private-subnet-2",
              "Project": "personal-website-stack",
              "managed_by": "Terraform"
            },
            "timeouts": null,
            "vpc_id": "vpc-082cd8211b269c6ca"
          },
          "sensitive_attributes": [],
          "identity_schema_version": 0,
          "identity": {
            "account_id": "242201278004",
            "id": "subnet-07664400a619f639d",
            "region": "us-east-1"
          },
          "private": "eyJlMmJmYjczMC1lY2FhLTExZTYtOGY4OC0zNDM2M2JjN2M0YzAiOnsiY3JlYXRlIjo2MDAwMDAwMDAwMDAsImRlbGV0ZSI6MTIwMDAwMDAwMDAwMH0sInNjaGVtYV92ZXJzaW9uIjoiMSJ9",
          "dependencies": [
            "aws_vpc.personal_website_vpc"
          ]
        }
      ]
    },
    {
      "mode": "managed",
      "type": "aws_subnet",
      "name": "public_subnets",
      "provider": "provider[\"registry.terraform.io/hashicorp/aws\"]",
      "instances": [
        {
          "index_key": 0,
          "schema_version": 1,
          "attributes": {
            "arn": "arn:aws:ec2:us-east-1:242201278004:subnet/subnet-07d8735885651b021",
            "assign_ipv6_address_on_creation": false,
            "availability_zone": "us-east-1a",
            "availability_zone_id": "use1-az4",
            "cidr_block": "10.0.1.0/24",
            "customer_owned_ipv4_pool": "",
            "enable_dns64": false,
            "enable_lni_at_device_index": 0,
            "enable_resource_name_dns_a_record_on_launch": false,
            "enable_resource_name_dns_aaaa_record_on_launch": false,
            "id": "subnet-07d8735885651b021",
            "ipv4_ipam_pool_id": null,
            "ipv4_netmask_length": null,
            "ipv6_cidr_block": "",
            "ipv6_cidr_block_association_id": "",
            "ipv6_ipam_pool_id": null,
            "ipv6_native": false,
            "ipv6_netmask_length": null,
            "map_customer_owned_ip_on_launch": false,
            "map_public_ip_on_launch": true,
            "outpost_arn": "",
            "owner_id": "242201278004",
            "private_dns_hostname_type_on_launch": "ip-name",
            "region": "us-east-1",
            "tags": {
              "Environment": "prod",
              "Name": "personal-website-stack-prod-public-subnet-1",
              "Project": "personal-website-stack",
              "managed_by": "Terraform"
            },
            "tags_all": {
              "Environment": "prod",
              "Name": "personal-website-stack-prod-public-subnet-1",
              "Project": "personal-website-stack",
              "managed_by": "Terraform"
            },
            "timeouts": null,
            "vpc_id": "vpc-082cd8211b269c6ca"
          },
          "sensitive_attributes": [],
          "identity_schema_version": 0,
          "identity": {
            "account_id": "242201278004",
            "id": "subnet-07d8735885651b021",
            "region": "us-east-1"
          },
          "private": "eyJlMmJmYjczMC1lY2FhLTExZTYtOGY4OC0zNDM2M2JjN2M0YzAiOnsiY3JlYXRlIjo2MDAwMDAwMDAwMDAsImRlbGV0ZSI6MTIwMDAwMDAwMDAwMH0sInNjaGVtYV92ZXJzaW9uIjoiMSJ9",
          "dependencies": [
            "aws_vpc.personal_website_vpc"
          ]
        }
      ]
    },
    {
      "mode": "managed",
      "type": "aws_vpc",
      "name": "personal_website_vpc",
      "provider": "provider[\"registry.terraform.io/hashicorp/aws\"]",
      "instances": [
        {
          "schema_version": 1,
          "attributes": {
            "arn": "arn:aws:ec2:us-east-1:242201278004:vpc/vpc-082cd8211b269c6ca",
            "assign_generated_ipv6_cidr_block": false,
            "cidr_block": "10.0.0.0/16",
            "default_network_acl_id": "acl-04fc6021a144bef8c",
            "default_route_table_id": "rtb-0739e0ca576740683",
            "default_security_group_id": "sg-05d15b847fb2532e0",
            "dhcp_options_id": "dopt-07b44cf8cc9277877",
            "enable_dns_hostnames": false,
            "enable_dns_support": true,
            "enable_network_address_usage_metrics": false,
            "id": "vpc-082cd8211b269c6ca",
            "instance_tenancy": "default",
            "ipv4_ipam_pool_id": null,
            "ipv4_netmask_length": null,
            "ipv6_association_id": "",
            "ipv6_cidr_block": "",
            "ipv6_cidr_block_network_border_group": "",
            "ipv6_ipam_pool_id": "",
            "ipv6_netmask_length": 0,
            "main_route_table_id": "rtb-0739e0ca576740683",
            "owner_id": "242201278004",
            "region": "us-east-1",
            "tags": {
              "Environment": "prod",
              "Project": "personal-website-stack",
              "managed_by": "Terraform"
            },
            "tags_all": {
              "Environment": "prod",
              "Project": "personal-website-stack",
              "managed_by": "Terraform"
            }
          },
          "sensitive_attributes": [],
          "identity_schema_version": 0,
          "identity": {
            "account_id": "242201278004",
            "id": "vpc-082cd8211b269c6ca",
            "region": "us-east-1"
          },
          "private": "eyJzY2hlbWFfdmVyc2lvbiI6IjEifQ=="
        }
      ]
    },
    {
      "mode": "managed",
      "type": "aws_vpc_security_group_egress_rule",
      "name": "allow_https_outbound",
      "provider": "provider[\"registry.terraform.io/hashicorp/aws\"]",
      "instances": [
        {
          "schema_version": 0,
          "attributes": {
            "arn": "arn:aws:ec2:us-east-1:242201278004:security-group-rule/sgr-0abf69fda2368127e",
            "cidr_ipv4": "0.0.0.0/0",
            "cidr_ipv6": null,
            "description": null,
            "from_port": 443,
            "id": "sgr-0abf69fda2368127e",
            "ip_protocol": "tcp",
            "prefix_list_id": null,
            "referenced_security_group_id": null,
            "region": "us-east-1",
            "security_group_id": "sg-0ebc31fa83fa13799",
            "security_group_rule_id": "sgr-0abf69fda2368127e",
            "tags": null,
            "tags_all": {},
            "to_port": 443
          },
          "sensitive_attributes": [],
          "identity_schema_version": 0,
          "identity": {
            "account_id": "242201278004",
            "id": "sgr-0abf69fda2368127e",
            "region": "us-east-1"
          },
          "dependencies": [
            "aws_security_group.lambda_security_group",
            "aws_vpc.personal_website_vpc"
          ]
        }
      ]
    },
    {
      "mode": "managed",
      "type": "local_file",
      "name": "www_redirect_function_template_file",
      "provider": "provider[\"registry.terraform.io/hashicorp/local\"]",
      "instances": [
        {
          "schema_version": 0,
          "attributes": {
            "content": "exports.handler = async (event) =\u003e {\r\n  const request = event.Records[0].cf.request;\r\n  const host = request.headers.host[0].value;\r\n\r\n  if (host === \"www.nathanpons.com\") {\r\n    return {\r\n      status: \"301\",\r\n      statusDescription: \"Moved Permanently\",\r\n      headers: {\r\n        location: [\r\n          {\r\n            key: \"Location\",\r\n            value: \"https://\" + \"nathanpons.com\" + request.uri,\r\n          },\r\n        ],\r\n      },\r\n    };\r\n  }\r\n\r\n  return request;\r\n};\r\n",
            "content_base64": null,
            "content_base64sha256": "GzouclHk40bicfSW3oGcjDcu2LdfPsgCpAXzyvYMQZ0=",
            "content_base64sha512": "h/dRdwl93nq21I1+8akohOhuKaICZwePWOGvaWk+r1fmiCdLhTBN0Cj9XtDq25BkmYAluJuqkwWd4cAtp1Ay4w==",
            "content_md5": "9ca0c725818bf5543fb1704c720c9ea0",
            "content_sha1": "a5897c3e689c3dc52fc9ecc1bafd7fe69befb01e",
            "content_sha256": "1b3a2e7251e4e346e271f496de819c8c372ed8b75f3ec802a405f3caf60c419d",
            "content_sha512": "87f75177097dde7ab6d48d7ef1a92884e86e29a20267078f58e1af69693eaf57e688274b85304dd028fd5ed0eadb9064998025b89baa93059de1c02da75032e3",
            "directory_permission": "0777",
            "file_permission": "0777",
            "filename": "lambda_functions/www-redirect-function.js",
            "id": "a5897c3e689c3dc52fc9ecc1bafd7fe69befb01e",
            "sensitive_content": null,
            "source": null
          },
          "sensitive_attributes": [
            [
              {
                "type": "get_attr",
                "value": "sensitive_content"
              }
            ]
          ],
          "identity_schema_version": 0
        }
      ]
    }
  ],
  "check_results": null
}
